// !$*UTF8*$!
{
	archiveVersion = 1;
	classes = {
	};
	objectVersion = 77;
	objects = {

/* Begin PBXBuildFile section */
		1E00D5D12D667447008D9EA8 /* PrivacyTermsViewController.swift in Sources */ = {isa = PBXBuildFile; fileRef = 1E00D5D02D667447008D9EA8 /* PrivacyTermsViewController.swift */; };
		1E0AD0E02D6C3154002338A9 /* LoginViewController.swift in Sources */ = {isa = PBXBuildFile; fileRef = 1E0AD0DF2D6C3154002338A9 /* LoginViewController.swift */; };
		1E257E1C2D7D63BC00397A33 /* ProfileEditViewController.swift in Sources */ = {isa = PBXBuildFile; fileRef = 1E257E1B2D7D63BC00397A33 /* ProfileEditViewController.swift */; };
		1E257E362D7D70A000397A33 /* UIViewController+Alert.swift in Sources */ = {isa = PBXBuildFile; fileRef = 1E257E352D7D70A000397A33 /* UIViewController+Alert.swift */; };
		1E2BE7032E061C87009E566A /* SeekerVideoCallViewController.swift in Sources */ = {isa = PBXBuildFile; fileRef = 1E2BE7022E061C87009E566A /* SeekerVideoCallViewController.swift */; };
		1E2BE7072E0624E1009E566A /* TwilioVideo in Frameworks */ = {isa = PBXBuildFile; productRef = 1E2BE7062E0624E1009E566A /* TwilioVideo */; };
		1E2FC4BF2D8B4CB5006A0683 /* NotificationsViewController.swift in Sources */ = {isa = PBXBuildFile; fileRef = 1E2FC4BE2D8B4CB5006A0683 /* NotificationsViewController.swift */; };
		1E39D73B2D66B2F9004C9089 /* SplashScreenViewController.swift in Sources */ = {isa = PBXBuildFile; fileRef = 1E39D73A2D66B2F9004C9089 /* SplashScreenViewController.swift */; };
		1E424B6D2D83BE4F0034CC49 /* PickUpCallViewController.swift in Sources */ = {isa = PBXBuildFile; fileRef = 1E424B6C2D83BE4F0034CC49 /* PickUpCallViewController.swift */; };
		1E424B712D83F1930034CC49 /* MyPeopleViewController.swift in Sources */ = {isa = PBXBuildFile; fileRef = 1E424B702D83F1930034CC49 /* MyPeopleViewController.swift */; };
		1E424B732D83F1B00034CC49 /* AddMemberViewController.swift in Sources */ = {isa = PBXBuildFile; fileRef = 1E424B722D83F1B00034CC49 /* AddMemberViewController.swift */; };
		1E74D39B2D71FDAF00F3978E /* SupportSeekerViewController.swift in Sources */ = {isa = PBXBuildFile; fileRef = 1E74D39A2D71FDAF00F3978E /* SupportSeekerViewController.swift */; };
		1E80C6712DED0AA200BDF766 /* MyVisionViewController.swift in Sources */ = {isa = PBXBuildFile; fileRef = 1E80C6702DED0AA200BDF766 /* MyVisionViewController.swift */; };
		1E80C6762DED154F00BDF766 /* OverlayMaskView.swift in Sources */ = {isa = PBXBuildFile; fileRef = 1E80C6752DED154F00BDF766 /* OverlayMaskView.swift */; };
		1E8BA2F62D7FC7D4001EC87C /* HelperSettingViewController.swift in Sources */ = {isa = PBXBuildFile; fileRef = 1E8BA2F52D7FC7D4001EC87C /* HelperSettingViewController.swift */; };
		1E8E7C972D6694F900400B02 /* SignupViewController.swift in Sources */ = {isa = PBXBuildFile; fileRef = 1E8E7C962D6694F900400B02 /* SignupViewController.swift */; };
		1E9BEAA22D7EBB0500976BFF /* KeychainWrapper.swift in Sources */ = {isa = PBXBuildFile; fileRef = 1E9BEAA12D7EBB0400976BFF /* KeychainWrapper.swift */; };
		1EA866962D6FF13400B44BDE /* BlindHomeViewController.swift in Sources */ = {isa = PBXBuildFile; fileRef = 1EA866952D6FF13400B44BDE /* BlindHomeViewController.swift */; };
		1EA866982D6FF24200B44BDE /* SettingForBlindViewController.swift in Sources */ = {isa = PBXBuildFile; fileRef = 1EA866972D6FF24200B44BDE /* SettingForBlindViewController.swift */; };
		1EA8669A2D6FF66100B44BDE /* AccountSettingViewController.swift in Sources */ = {isa = PBXBuildFile; fileRef = 1EA866992D6FF66100B44BDE /* AccountSettingViewController.swift */; };
		1EA866A42D7026EA00B44BDE /* VolunteerhomeViewController.swift in Sources */ = {isa = PBXBuildFile; fileRef = 1EA866A32D7026EA00B44BDE /* VolunteerhomeViewController.swift */; };
		1EE028B02DC81966009C3A4B /* UIColor+Hex.swift in Sources */ = {isa = PBXBuildFile; fileRef = 1EE028AF2DC81966009C3A4B /* UIColor+Hex.swift */; };
		1EEE64AE2D63D3A500C43761 /* OnboardingPageViewController.swift in Sources */ = {isa = PBXBuildFile; fileRef = 1EEE64AD2D63D3A500C43761 /* OnboardingPageViewController.swift */; };
		1EEE64B62D63FE1A00C43761 /* OnboardingFirstViewController.swift in Sources */ = {isa = PBXBuildFile; fileRef = 1EEE64B52D63FE1A00C43761 /* OnboardingFirstViewController.swift */; };
		1EEE64B82D64122B00C43761 /* OnboardingSecViewController.swift in Sources */ = {isa = PBXBuildFile; fileRef = 1EEE64B72D64122B00C43761 /* OnboardingSecViewController.swift */; };
		1EEE64BA2D64123C00C43761 /* OnboardingThirdViewController.swift in Sources */ = {isa = PBXBuildFile; fileRef = 1EEE64B92D64123C00C43761 /* OnboardingThirdViewController.swift */; };
		1EEE64BC2D6420BB00C43761 /* ChooseRoleViewController.swift in Sources */ = {isa = PBXBuildFile; fileRef = 1EEE64BB2D6420BB00C43761 /* ChooseRoleViewController.swift */; };
		1EEE64BE2D64239B00C43761 /* UIButton+Style.swift in Sources */ = {isa = PBXBuildFile; fileRef = 1EEE64BD2D64239B00C43761 /* UIButton+Style.swift */; };
		1EF7E56F2D75675100B3151E /* GoogleSignIn in Frameworks */ = {isa = PBXBuildFile; productRef = 1EF7E56E2D75675100B3151E /* GoogleSignIn */; };
		1EFA95DA2D6D17DA00139613 /* ResetPasswordViewController.swift in Sources */ = {isa = PBXBuildFile; fileRef = 1EFA95D92D6D17DA00139613 /* ResetPasswordViewController.swift */; };
		1EFA96442D6D54C600139613 /* EnterCodeViewController.swift in Sources */ = {isa = PBXBuildFile; fileRef = 1EFA96432D6D54C600139613 /* EnterCodeViewController.swift */; };
		1EFA96462D6D5DB200139613 /* WarningPopupView.swift in Sources */ = {isa = PBXBuildFile; fileRef = 1EFA96452D6D5DB200139613 /* WarningPopupView.swift */; };
		1EFA96482D6D63DB00139613 /* ConfirmPasswordViewController.swift in Sources */ = {isa = PBXBuildFile; fileRef = 1EFA96472D6D63DB00139613 /* ConfirmPasswordViewController.swift */; };
/* End PBXBuildFile section */

/* Begin PBXContainerItemProxy section */
		1E43513E2D62AB60008872C8 /* PBXContainerItemProxy */ = {
			isa = PBXContainerItemProxy;
			containerPortal = 1E43511F2D62AB5E008872C8 /* Project object */;
			proxyType = 1;
			remoteGlobalIDString = 1E4351262D62AB5E008872C8;
			remoteInfo = Optima;
		};
		1E4351482D62AB60008872C8 /* PBXContainerItemProxy */ = {
			isa = PBXContainerItemProxy;
			containerPortal = 1E43511F2D62AB5E008872C8 /* Project object */;
			proxyType = 1;
			remoteGlobalIDString = 1E4351262D62AB5E008872C8;
			remoteInfo = Optima;
		};
/* End PBXContainerItemProxy section */

/* Begin PBXFileReference section */
		1E00D5D02D667447008D9EA8 /* PrivacyTermsViewController.swift */ = {isa = PBXFileReference; lastKnownFileType = sourcecode.swift; path = PrivacyTermsViewController.swift; sourceTree = "<group>"; };
		1E0AD0DF2D6C3154002338A9 /* LoginViewController.swift */ = {isa = PBXFileReference; lastKnownFileType = sourcecode.swift; path = LoginViewController.swift; sourceTree = "<group>"; };
		1E257E1B2D7D63BC00397A33 /* ProfileEditViewController.swift */ = {isa = PBXFileReference; lastKnownFileType = sourcecode.swift; path = ProfileEditViewController.swift; sourceTree = "<group>"; };
		1E257E352D7D70A000397A33 /* UIViewController+Alert.swift */ = {isa = PBXFileReference; lastKnownFileType = sourcecode.swift; path = "UIViewController+Alert.swift"; sourceTree = "<group>"; };
		1E2BE7022E061C87009E566A /* SeekerVideoCallViewController.swift */ = {isa = PBXFileReference; lastKnownFileType = sourcecode.swift; path = SeekerVideoCallViewController.swift; sourceTree = "<group>"; };
		1E2FC4BE2D8B4CB5006A0683 /* NotificationsViewController.swift */ = {isa = PBXFileReference; lastKnownFileType = sourcecode.swift; path = NotificationsViewController.swift; sourceTree = "<group>"; };
		1E39D73A2D66B2F9004C9089 /* SplashScreenViewController.swift */ = {isa = PBXFileReference; lastKnownFileType = sourcecode.swift; path = SplashScreenViewController.swift; sourceTree = "<group>"; };
		1E424B6C2D83BE4F0034CC49 /* PickUpCallViewController.swift */ = {isa = PBXFileReference; lastKnownFileType = sourcecode.swift; path = PickUpCallViewController.swift; sourceTree = "<group>"; };
		1E424B702D83F1930034CC49 /* MyPeopleViewController.swift */ = {isa = PBXFileReference; lastKnownFileType = sourcecode.swift; path = MyPeopleViewController.swift; sourceTree = "<group>"; };
		1E424B722D83F1B00034CC49 /* AddMemberViewController.swift */ = {isa = PBXFileReference; lastKnownFileType = sourcecode.swift; path = AddMemberViewController.swift; sourceTree = "<group>"; };
		1E4351272D62AB5E008872C8 /* Optima.app */ = {isa = PBXFileReference; explicitFileType = wrapper.application; includeInIndex = 0; path = Optima.app; sourceTree = BUILT_PRODUCTS_DIR; };
		1E43513D2D62AB60008872C8 /* OptimaTests.xctest */ = {isa = PBXFileReference; explicitFileType = wrapper.cfbundle; includeInIndex = 0; path = OptimaTests.xctest; sourceTree = BUILT_PRODUCTS_DIR; };
		1E4351472D62AB60008872C8 /* OptimaUITests.xctest */ = {isa = PBXFileReference; explicitFileType = wrapper.cfbundle; includeInIndex = 0; path = OptimaUITests.xctest; sourceTree = BUILT_PRODUCTS_DIR; };
		1E74D39A2D71FDAF00F3978E /* SupportSeekerViewController.swift */ = {isa = PBXFileReference; lastKnownFileType = sourcecode.swift; path = SupportSeekerViewController.swift; sourceTree = "<group>"; };
		1E80C6702DED0AA200BDF766 /* MyVisionViewController.swift */ = {isa = PBXFileReference; lastKnownFileType = sourcecode.swift; path = MyVisionViewController.swift; sourceTree = "<group>"; };
		1E80C6752DED154F00BDF766 /* OverlayMaskView.swift */ = {isa = PBXFileReference; lastKnownFileType = sourcecode.swift; path = OverlayMaskView.swift; sourceTree = "<group>"; };
		1E8BA2F52D7FC7D4001EC87C /* HelperSettingViewController.swift */ = {isa = PBXFileReference; lastKnownFileType = sourcecode.swift; path = HelperSettingViewController.swift; sourceTree = "<group>"; };
		1E8E7C962D6694F900400B02 /* SignupViewController.swift */ = {isa = PBXFileReference; lastKnownFileType = sourcecode.swift; path = SignupViewController.swift; sourceTree = "<group>"; };
		1E9BEAA12D7EBB0400976BFF /* KeychainWrapper.swift */ = {isa = PBXFileReference; lastKnownFileType = sourcecode.swift; path = KeychainWrapper.swift; sourceTree = "<group>"; };
		1EA866952D6FF13400B44BDE /* BlindHomeViewController.swift */ = {isa = PBXFileReference; lastKnownFileType = sourcecode.swift; path = BlindHomeViewController.swift; sourceTree = "<group>"; };
		1EA866972D6FF24200B44BDE /* SettingForBlindViewController.swift */ = {isa = PBXFileReference; lastKnownFileType = sourcecode.swift; path = SettingForBlindViewController.swift; sourceTree = "<group>"; };
		1EA866992D6FF66100B44BDE /* AccountSettingViewController.swift */ = {isa = PBXFileReference; lastKnownFileType = sourcecode.swift; path = AccountSettingViewController.swift; sourceTree = "<group>"; };
		1EA866A32D7026EA00B44BDE /* VolunteerhomeViewController.swift */ = {isa = PBXFileReference; lastKnownFileType = sourcecode.swift; path = VolunteerhomeViewController.swift; sourceTree = "<group>"; };
		1EE028AF2DC81966009C3A4B /* UIColor+Hex.swift */ = {isa = PBXFileReference; lastKnownFileType = sourcecode.swift; path = "UIColor+Hex.swift"; sourceTree = "<group>"; };
		1EEE64AD2D63D3A500C43761 /* OnboardingPageViewController.swift */ = {isa = PBXFileReference; lastKnownFileType = sourcecode.swift; path = OnboardingPageViewController.swift; sourceTree = "<group>"; };
		1EEE64B52D63FE1A00C43761 /* OnboardingFirstViewController.swift */ = {isa = PBXFileReference; lastKnownFileType = sourcecode.swift; path = OnboardingFirstViewController.swift; sourceTree = "<group>"; };
		1EEE64B72D64122B00C43761 /* OnboardingSecViewController.swift */ = {isa = PBXFileReference; lastKnownFileType = sourcecode.swift; path = OnboardingSecViewController.swift; sourceTree = "<group>"; };
		1EEE64B92D64123C00C43761 /* OnboardingThirdViewController.swift */ = {isa = PBXFileReference; lastKnownFileType = sourcecode.swift; path = OnboardingThirdViewController.swift; sourceTree = "<group>"; };
		1EEE64BB2D6420BB00C43761 /* ChooseRoleViewController.swift */ = {isa = PBXFileReference; lastKnownFileType = sourcecode.swift; path = ChooseRoleViewController.swift; sourceTree = "<group>"; };
		1EEE64BD2D64239B00C43761 /* UIButton+Style.swift */ = {isa = PBXFileReference; lastKnownFileType = sourcecode.swift; path = "UIButton+Style.swift"; sourceTree = "<group>"; };
		1EFA95D92D6D17DA00139613 /* ResetPasswordViewController.swift */ = {isa = PBXFileReference; lastKnownFileType = sourcecode.swift; path = ResetPasswordViewController.swift; sourceTree = "<group>"; };
		1EFA96432D6D54C600139613 /* EnterCodeViewController.swift */ = {isa = PBXFileReference; lastKnownFileType = sourcecode.swift; path = EnterCodeViewController.swift; sourceTree = "<group>"; };
		1EFA96452D6D5DB200139613 /* WarningPopupView.swift */ = {isa = PBXFileReference; lastKnownFileType = sourcecode.swift; path = WarningPopupView.swift; sourceTree = "<group>"; };
		1EFA96472D6D63DB00139613 /* ConfirmPasswordViewController.swift */ = {isa = PBXFileReference; lastKnownFileType = sourcecode.swift; path = ConfirmPasswordViewController.swift; sourceTree = "<group>"; };
/* End PBXFileReference section */

/* Begin PBXFileSystemSynchronizedBuildFileExceptionSet section */
		1E43514F2D62AB60008872C8 /* Exceptions for "Optima" folder in "Optima" target */ = {
			isa = PBXFileSystemSynchronizedBuildFileExceptionSet;
			membershipExceptions = (
				Info.plist,
			);
			target = 1E4351262D62AB5E008872C8 /* Optima */;
		};
/* End PBXFileSystemSynchronizedBuildFileExceptionSet section */

/* Begin PBXFileSystemSynchronizedRootGroup section */
		1E2BE7092E062592009E566A /* VideoCall */ = {
			isa = PBXFileSystemSynchronizedRootGroup;
			path = VideoCall;
			sourceTree = "<group>";
		};
		1E4351292D62AB5E008872C8 /* Optima */ = {
			isa = PBXFileSystemSynchronizedRootGroup;
			exceptions = (
				1E43514F2D62AB60008872C8 /* Exceptions for "Optima" folder in "Optima" target */,
			);
			path = Optima;
			sourceTree = "<group>";
		};
		1E4351402D62AB60008872C8 /* OptimaTests */ = {
			isa = PBXFileSystemSynchronizedRootGroup;
			path = OptimaTests;
			sourceTree = "<group>";
		};
		1E43514A2D62AB60008872C8 /* OptimaUITests */ = {
			isa = PBXFileSystemSynchronizedRootGroup;
			path = OptimaUITests;
			sourceTree = "<group>";
		};
		1EB61B9D2E09055A0026EDC6 /* Auth */ = {
			isa = PBXFileSystemSynchronizedRootGroup;
			path = Auth;
			sourceTree = "<group>";
		};
		1EB61B9E2E0905830026EDC6 /* Networking */ = {
			isa = PBXFileSystemSynchronizedRootGroup;
			path = Networking;
			sourceTree = "<group>";
		};
		1EB61B9F2E0905B60026EDC6 /* MyVision */ = {
			isa = PBXFileSystemSynchronizedRootGroup;
			path = MyVision;
			sourceTree = "<group>";
		};
		1EB61BA12E0905DD0026EDC6 /* MyPeople */ = {
			isa = PBXFileSystemSynchronizedRootGroup;
			path = MyPeople;
			sourceTree = "<group>";
		};
		1EB61BA22E0906060026EDC6 /* UserInfo */ = {
			isa = PBXFileSystemSynchronizedRootGroup;
			path = UserInfo;
			sourceTree = "<group>";
		};
/* End PBXFileSystemSynchronizedRootGroup section */

/* Begin PBXFrameworksBuildPhase section */
		1E4351242D62AB5E008872C8 /* Frameworks */ = {
			isa = PBXFrameworksBuildPhase;
			buildActionMask = 2147483647;
			files = (
				1E2BE7072E0624E1009E566A /* TwilioVideo in Frameworks */,
				1EF7E56F2D75675100B3151E /* GoogleSignIn in Frameworks */,
			);
			runOnlyForDeploymentPostprocessing = 0;
		};
		1E43513A2D62AB60008872C8 /* Frameworks */ = {
			isa = PBXFrameworksBuildPhase;
			buildActionMask = 2147483647;
			files = (
			);
			runOnlyForDeploymentPostprocessing = 0;
		};
		1E4351442D62AB60008872C8 /* Frameworks */ = {
			isa = PBXFrameworksBuildPhase;
			buildActionMask = 2147483647;
			files = (
			);
			runOnlyForDeploymentPostprocessing = 0;
		};
/* End PBXFrameworksBuildPhase section */

/* Begin PBXGroup section */
		1E2BE7052E0624E1009E566A /* Frameworks */ = {
			isa = PBXGroup;
			children = (
			);
			name = Frameworks;
			sourceTree = "<group>";
		};
		1E2FC4BC2D8B4BAB006A0683 /* Controllers helper */ = {
			isa = PBXGroup;
			children = (
				1EA866A32D7026EA00B44BDE /* VolunteerhomeViewController.swift */,
				1E8BA2F52D7FC7D4001EC87C /* HelperSettingViewController.swift */,
				1E424B6C2D83BE4F0034CC49 /* PickUpCallViewController.swift */,
				1E2FC4BE2D8B4CB5006A0683 /* NotificationsViewController.swift */,
			);
			path = "Controllers helper";
			sourceTree = "<group>";
		};
		1E2FC4BD2D8B4BEA006A0683 /* Controllers seeker */ = {
			isa = PBXGroup;
			children = (
				1EA866952D6FF13400B44BDE /* BlindHomeViewController.swift */,
				1E74D39A2D71FDAF00F3978E /* SupportSeekerViewController.swift */,
				1EA866972D6FF24200B44BDE /* SettingForBlindViewController.swift */,
				1E424B702D83F1930034CC49 /* MyPeopleViewController.swift */,
				1E424B722D83F1B00034CC49 /* AddMemberViewController.swift */,
				1E80C6702DED0AA200BDF766 /* MyVisionViewController.swift */,
				1E2BE7022E061C87009E566A /* SeekerVideoCallViewController.swift */,
			);
			path = "Controllers seeker";
			sourceTree = "<group>";
		};
		1E43511E2D62AB5E008872C8 = {
			isa = PBXGroup;
			children = (
				1EEE64A32D63D2A000C43761 /* Controllers general */,
				1E2FC4BD2D8B4BEA006A0683 /* Controllers seeker */,
				1E2FC4BC2D8B4BAB006A0683 /* Controllers helper */,
				1EEE64A82D63D2ED00C43761 /* Security */,
				1EEE64A62D63D2D000C43761 /* Managers */,
				1EEE64A52D63D2C400C43761 /* Models */,
				1EEE64A42D63D2B800C43761 /* Views */,
				1E4351292D62AB5E008872C8 /* Optima */,
				1E43514A2D62AB60008872C8 /* OptimaUITests */,
				1E4351402D62AB60008872C8 /* OptimaTests */,
				1E2BE7052E0624E1009E566A /* Frameworks */,
				1E4351282D62AB5E008872C8 /* Products */,
			);
			sourceTree = "<group>";
		};
		1E4351282D62AB5E008872C8 /* Products */ = {
			isa = PBXGroup;
			children = (
				1E4351272D62AB5E008872C8 /* Optima.app */,
				1E43513D2D62AB60008872C8 /* OptimaTests.xctest */,
				1E4351472D62AB60008872C8 /* OptimaUITests.xctest */,
			);
			name = Products;
			sourceTree = "<group>";
		};
		1EEE64A32D63D2A000C43761 /* Controllers general */ = {
			isa = PBXGroup;
			children = (
				1E39D73A2D66B2F9004C9089 /* SplashScreenViewController.swift */,
				1EEE64AD2D63D3A500C43761 /* OnboardingPageViewController.swift */,
				1EEE64B52D63FE1A00C43761 /* OnboardingFirstViewController.swift */,
				1EEE64B72D64122B00C43761 /* OnboardingSecViewController.swift */,
				1EEE64B92D64123C00C43761 /* OnboardingThirdViewController.swift */,
				1EEE64BB2D6420BB00C43761 /* ChooseRoleViewController.swift */,
				1E00D5D02D667447008D9EA8 /* PrivacyTermsViewController.swift */,
				1E0AD0DF2D6C3154002338A9 /* LoginViewController.swift */,
				1E8E7C962D6694F900400B02 /* SignupViewController.swift */,
				1EFA95D92D6D17DA00139613 /* ResetPasswordViewController.swift */,
				1EFA96432D6D54C600139613 /* EnterCodeViewController.swift */,
				1EFA96472D6D63DB00139613 /* ConfirmPasswordViewController.swift */,
				1EA866992D6FF66100B44BDE /* AccountSettingViewController.swift */,
				1E257E1B2D7D63BC00397A33 /* ProfileEditViewController.swift */,
			);
			path = "Controllers general";
			sourceTree = "<group>";
		};
		1EEE64A42D63D2B800C43761 /* Views */ = {
			isa = PBXGroup;
			children = (
				1EE028AF2DC81966009C3A4B /* UIColor+Hex.swift */,
				1E257E352D7D70A000397A33 /* UIViewController+Alert.swift */,
				1EEE64BD2D64239B00C43761 /* UIButton+Style.swift */,
				1EFA96452D6D5DB200139613 /* WarningPopupView.swift */,
				1E80C6752DED154F00BDF766 /* OverlayMaskView.swift */,
			);
			path = Views;
			sourceTree = "<group>";
		};
		1EEE64A52D63D2C400C43761 /* Models */ = {
			isa = PBXGroup;
			children = (
			);
			path = Models;
			sourceTree = "<group>";
		};
		1EEE64A62D63D2D000C43761 /* Managers */ = {
			isa = PBXGroup;
			children = (
				1EB61BA22E0906060026EDC6 /* UserInfo */,
				1EB61BA12E0905DD0026EDC6 /* MyPeople */,
				1EB61B9F2E0905B60026EDC6 /* MyVision */,
				1EB61B9E2E0905830026EDC6 /* Networking */,
				1EB61B9D2E09055A0026EDC6 /* Auth */,
				1E2BE7092E062592009E566A /* VideoCall */,
			);
			path = Managers;
			sourceTree = "<group>";
		};
		1EEE64A82D63D2ED00C43761 /* Security */ = {
			isa = PBXGroup;
			children = (
				1E9BEAA12D7EBB0400976BFF /* KeychainWrapper.swift */,
			);
			path = Security;
			sourceTree = "<group>";
		};
/* End PBXGroup section */

/* Begin PBXNativeTarget section */
		1E4351262D62AB5E008872C8 /* Optima */ = {
			isa = PBXNativeTarget;
			buildConfigurationList = 1E4351502D62AB60008872C8 /* Build configuration list for PBXNativeTarget "Optima" */;
			buildPhases = (
				1E4351232D62AB5E008872C8 /* Sources */,
				1E4351242D62AB5E008872C8 /* Frameworks */,
				1E4351252D62AB5E008872C8 /* Resources */,
			);
			buildRules = (
			);
			dependencies = (
			);
			fileSystemSynchronizedGroups = (
				1E2BE7092E062592009E566A /* VideoCall */,
				1E4351292D62AB5E008872C8 /* Optima */,
				1EB61B9D2E09055A0026EDC6 /* Auth */,
				1EB61B9E2E0905830026EDC6 /* Networking */,
				1EB61B9F2E0905B60026EDC6 /* MyVision */,
				1EB61BA12E0905DD0026EDC6 /* MyPeople */,
				1EB61BA22E0906060026EDC6 /* UserInfo */,
			);
			name = Optima;
			packageProductDependencies = (
				1EF7E56E2D75675100B3151E /* GoogleSignIn */,
				1E2BE7062E0624E1009E566A /* TwilioVideo */,
			);
			productName = Optima;
			productReference = 1E4351272D62AB5E008872C8 /* Optima.app */;
			productType = "com.apple.product-type.application";
		};
		1E43513C2D62AB60008872C8 /* OptimaTests */ = {
			isa = PBXNativeTarget;
			buildConfigurationList = 1E4351552D62AB60008872C8 /* Build configuration list for PBXNativeTarget "OptimaTests" */;
			buildPhases = (
				1E4351392D62AB60008872C8 /* Sources */,
				1E43513A2D62AB60008872C8 /* Frameworks */,
				1E43513B2D62AB60008872C8 /* Resources */,
			);
			buildRules = (
			);
			dependencies = (
				1E43513F2D62AB60008872C8 /* PBXTargetDependency */,
			);
			fileSystemSynchronizedGroups = (
				1E4351402D62AB60008872C8 /* OptimaTests */,
			);
			name = OptimaTests;
			packageProductDependencies = (
			);
			productName = OptimaTests;
			productReference = 1E43513D2D62AB60008872C8 /* OptimaTests.xctest */;
			productType = "com.apple.product-type.bundle.unit-test";
		};
		1E4351462D62AB60008872C8 /* OptimaUITests */ = {
			isa = PBXNativeTarget;
			buildConfigurationList = 1E4351582D62AB60008872C8 /* Build configuration list for PBXNativeTarget "OptimaUITests" */;
			buildPhases = (
				1E4351432D62AB60008872C8 /* Sources */,
				1E4351442D62AB60008872C8 /* Frameworks */,
				1E4351452D62AB60008872C8 /* Resources */,
			);
			buildRules = (
			);
			dependencies = (
				1E4351492D62AB60008872C8 /* PBXTargetDependency */,
			);
			fileSystemSynchronizedGroups = (
				1E43514A2D62AB60008872C8 /* OptimaUITests */,
			);
			name = OptimaUITests;
			packageProductDependencies = (
			);
			productName = OptimaUITests;
			productReference = 1E4351472D62AB60008872C8 /* OptimaUITests.xctest */;
			productType = "com.apple.product-type.bundle.ui-testing";
		};
/* End PBXNativeTarget section */

/* Begin PBXProject section */
		1E43511F2D62AB5E008872C8 /* Project object */ = {
			isa = PBXProject;
			attributes = {
				BuildIndependentTargetsInParallel = 1;
				LastSwiftUpdateCheck = 1620;
				LastUpgradeCheck = 1620;
				TargetAttributes = {
					1E4351262D62AB5E008872C8 = {
						CreatedOnToolsVersion = 16.2;
					};
					1E43513C2D62AB60008872C8 = {
						CreatedOnToolsVersion = 16.2;
						TestTargetID = 1E4351262D62AB5E008872C8;
					};
					1E4351462D62AB60008872C8 = {
						CreatedOnToolsVersion = 16.2;
						TestTargetID = 1E4351262D62AB5E008872C8;
					};
				};
			};
			buildConfigurationList = 1E4351222D62AB5E008872C8 /* Build configuration list for PBXProject "Optima" */;
			developmentRegion = en;
			hasScannedForEncodings = 0;
			knownRegions = (
				en,
				Base,
			);
			mainGroup = 1E43511E2D62AB5E008872C8;
			minimizedProjectReferenceProxies = 1;
			packageReferences = (
				1EF7E56D2D75675100B3151E /* XCRemoteSwiftPackageReference "GoogleSignIn-iOS" */,
				1E2BE7042E062417009E566A /* XCRemoteSwiftPackageReference "twilio-video-ios" */,
			);
			preferredProjectObjectVersion = 77;
			productRefGroup = 1E4351282D62AB5E008872C8 /* Products */;
			projectDirPath = "";
			projectRoot = "";
			targets = (
				1E4351262D62AB5E008872C8 /* Optima */,
				1E43513C2D62AB60008872C8 /* OptimaTests */,
				1E4351462D62AB60008872C8 /* OptimaUITests */,
			);
		};
/* End PBXProject section */

/* Begin PBXResourcesBuildPhase section */
		1E4351252D62AB5E008872C8 /* Resources */ = {
			isa = PBXResourcesBuildPhase;
			buildActionMask = 2147483647;
			files = (
			);
			runOnlyForDeploymentPostprocessing = 0;
		};
		1E43513B2D62AB60008872C8 /* Resources */ = {
			isa = PBXResourcesBuildPhase;
			buildActionMask = 2147483647;
			files = (
			);
			runOnlyForDeploymentPostprocessing = 0;
		};
		1E4351452D62AB60008872C8 /* Resources */ = {
			isa = PBXResourcesBuildPhase;
			buildActionMask = 2147483647;
			files = (
			);
			runOnlyForDeploymentPostprocessing = 0;
		};
/* End PBXResourcesBuildPhase section */

/* Begin PBXSourcesBuildPhase section */
		1E4351232D62AB5E008872C8 /* Sources */ = {
			isa = PBXSourcesBuildPhase;
			buildActionMask = 2147483647;
			files = (
				1E74D39B2D71FDAF00F3978E /* SupportSeekerViewController.swift in Sources */,
				1EEE64BA2D64123C00C43761 /* OnboardingThirdViewController.swift in Sources */,
				1E257E362D7D70A000397A33 /* UIViewController+Alert.swift in Sources */,
				1E80C6712DED0AA200BDF766 /* MyVisionViewController.swift in Sources */,
				1EEE64BC2D6420BB00C43761 /* ChooseRoleViewController.swift in Sources */,
				1E39D73B2D66B2F9004C9089 /* SplashScreenViewController.swift in Sources */,
				1EEE64AE2D63D3A500C43761 /* OnboardingPageViewController.swift in Sources */,
				1E424B732D83F1B00034CC49 /* AddMemberViewController.swift in Sources */,
				1E8E7C972D6694F900400B02 /* SignupViewController.swift in Sources */,
				1EFA96442D6D54C600139613 /* EnterCodeViewController.swift in Sources */,
				1EFA96462D6D5DB200139613 /* WarningPopupView.swift in Sources */,
				1EA866A42D7026EA00B44BDE /* VolunteerhomeViewController.swift in Sources */,
				1E2FC4BF2D8B4CB5006A0683 /* NotificationsViewController.swift in Sources */,
				1E8BA2F62D7FC7D4001EC87C /* HelperSettingViewController.swift in Sources */,
				1EA866962D6FF13400B44BDE /* BlindHomeViewController.swift in Sources */,
				1E00D5D12D667447008D9EA8 /* PrivacyTermsViewController.swift in Sources */,
				1E257E1C2D7D63BC00397A33 /* ProfileEditViewController.swift in Sources */,
				1EFA96482D6D63DB00139613 /* ConfirmPasswordViewController.swift in Sources */,
				1EE028B02DC81966009C3A4B /* UIColor+Hex.swift in Sources */,
				1EEE64BE2D64239B00C43761 /* UIButton+Style.swift in Sources */,
				1EEE64B62D63FE1A00C43761 /* OnboardingFirstViewController.swift in Sources */,
				1E0AD0E02D6C3154002338A9 /* LoginViewController.swift in Sources */,
				1EFA95DA2D6D17DA00139613 /* ResetPasswordViewController.swift in Sources */,
				1EEE64B82D64122B00C43761 /* OnboardingSecViewController.swift in Sources */,
				1E80C6762DED154F00BDF766 /* OverlayMaskView.swift in Sources */,
				1E424B712D83F1930034CC49 /* MyPeopleViewController.swift in Sources */,
				1EA866982D6FF24200B44BDE /* SettingForBlindViewController.swift in Sources */,
				1E9BEAA22D7EBB0500976BFF /* KeychainWrapper.swift in Sources */,
				1E424B6D2D83BE4F0034CC49 /* PickUpCallViewController.swift in Sources */,
				1EA8669A2D6FF66100B44BDE /* AccountSettingViewController.swift in Sources */,
				1E2BE7032E061C87009E566A /* SeekerVideoCallViewController.swift in Sources */,
			);
			runOnlyForDeploymentPostprocessing = 0;
		};
		1E4351392D62AB60008872C8 /* Sources */ = {
			isa = PBXSourcesBuildPhase;
			buildActionMask = 2147483647;
			files = (
			);
			runOnlyForDeploymentPostprocessing = 0;
		};
		1E4351432D62AB60008872C8 /* Sources */ = {
			isa = PBXSourcesBuildPhase;
			buildActionMask = 2147483647;
			files = (
			);
			runOnlyForDeploymentPostprocessing = 0;
		};
/* End PBXSourcesBuildPhase section */

/* Begin PBXTargetDependency section */
		1E43513F2D62AB60008872C8 /* PBXTargetDependency */ = {
			isa = PBXTargetDependency;
			target = 1E4351262D62AB5E008872C8 /* Optima */;
			targetProxy = 1E43513E2D62AB60008872C8 /* PBXContainerItemProxy */;
		};
		1E4351492D62AB60008872C8 /* PBXTargetDependency */ = {
			isa = PBXTargetDependency;
			target = 1E4351262D62AB5E008872C8 /* Optima */;
			targetProxy = 1E4351482D62AB60008872C8 /* PBXContainerItemProxy */;
		};
/* End PBXTargetDependency section */

/* Begin XCBuildConfiguration section */
		1E4351512D62AB60008872C8 /* Debug */ = {
			isa = XCBuildConfiguration;
			buildSettings = {
				ASSETCATALOG_COMPILER_APPICON_NAME = AppIcon;
				ASSETCATALOG_COMPILER_GLOBAL_ACCENT_COLOR_NAME = AccentColor;
				CODE_SIGN_STYLE = Automatic;
				CURRENT_PROJECT_VERSION = 1;
				DEVELOPMENT_TEAM = TF9BXGG6VZ;
				GENERATE_INFOPLIST_FILE = YES;
				INFOPLIST_FILE = Optima/Info.plist;
				INFOPLIST_KEY_NSCameraUsageDescription = "We need access to the camera to help you use Optima.";
				INFOPLIST_KEY_NSMicrophoneUsageDescription = "We need access to the microphone to help you use Optima.";
				INFOPLIST_KEY_UIApplicationSupportsIndirectInputEvents = YES;
				INFOPLIST_KEY_UILaunchStoryboardName = LaunchScreen;
				INFOPLIST_KEY_UIMainStoryboardFile = Main;
				INFOPLIST_KEY_UISupportedInterfaceOrientations_iPad = "UIInterfaceOrientationLandscapeLeft UIInterfaceOrientationLandscapeRight UIInterfaceOrientationPortrait UIInterfaceOrientationPortraitUpsideDown";
				INFOPLIST_KEY_UISupportedInterfaceOrientations_iPhone = "";
				IPHONEOS_DEPLOYMENT_TARGET = 18.0;
				LD_RUNPATH_SEARCH_PATHS = (
					"$(inherited)",
					"@executable_path/Frameworks",
				);
				MARKETING_VERSION = 1.0;
				PRODUCT_BUNDLE_IDENTIFIER = com.ghada.Optima;
				PRODUCT_NAME = "$(TARGET_NAME)";
				SWIFT_EMIT_LOC_STRINGS = YES;
				SWIFT_VERSION = 5.0;
				TARGETED_DEVICE_FAMILY = "1,2";
			};
			name = Debug;
		};
		1E4351522D62AB60008872C8 /* Release */ = {
			isa = XCBuildConfiguration;
			buildSettings = {
				ASSETCATALOG_COMPILER_APPICON_NAME = AppIcon;
				ASSETCATALOG_COMPILER_GLOBAL_ACCENT_COLOR_NAME = AccentColor;
				CODE_SIGN_STYLE = Automatic;
				CURRENT_PROJECT_VERSION = 1;
				DEVELOPMENT_TEAM = TF9BXGG6VZ;
				GENERATE_INFOPLIST_FILE = YES;
				INFOPLIST_FILE = Optima/Info.plist;
				INFOPLIST_KEY_NSCameraUsageDescription = "We need access to the camera to help you use Optima.";
				INFOPLIST_KEY_NSMicrophoneUsageDescription = "We need access to the microphone to help you use Optima.";
				INFOPLIST_KEY_UIApplicationSupportsIndirectInputEvents = YES;
				INFOPLIST_KEY_UILaunchStoryboardName = LaunchScreen;
				INFOPLIST_KEY_UIMainStoryboardFile = Main;
				INFOPLIST_KEY_UISupportedInterfaceOrientations_iPad = "UIInterfaceOrientationLandscapeLeft UIInterfaceOrientationLandscapeRight UIInterfaceOrientationPortrait UIInterfaceOrientationPortraitUpsideDown";
				INFOPLIST_KEY_UISupportedInterfaceOrientations_iPhone = "";
				IPHONEOS_DEPLOYMENT_TARGET = 18.0;
				LD_RUNPATH_SEARCH_PATHS = (
					"$(inherited)",
					"@executable_path/Frameworks",
				);
				MARKETING_VERSION = 1.0;
				PRODUCT_BUNDLE_IDENTIFIER = com.ghada.Optima;
				PRODUCT_NAME = "$(TARGET_NAME)";
				SWIFT_EMIT_LOC_STRINGS = YES;
				SWIFT_VERSION = 5.0;
				TARGETED_DEVICE_FAMILY = "1,2";
			};
			name = Release;
		};
		1E4351532D62AB60008872C8 /* Debug */ = {
			isa = XCBuildConfiguration;
			buildSettings = {
				ALWAYS_SEARCH_USER_PATHS = NO;
				ASSETCATALOG_COMPILER_GENERATE_SWIFT_ASSET_SYMBOL_EXTENSIONS = YES;
				CLANG_ANALYZER_NONNULL = YES;
				CLANG_ANALYZER_NUMBER_OBJECT_CONVERSION = YES_AGGRESSIVE;
				CLANG_CXX_LANGUAGE_STANDARD = "gnu++20";
				CLANG_ENABLE_MODULES = YES;
				CLANG_ENABLE_OBJC_ARC = YES;
				CLANG_ENABLE_OBJC_WEAK = YES;
				CLANG_WARN_BLOCK_CAPTURE_AUTORELEASING = YES;
				CLANG_WARN_BOOL_CONVERSION = YES;
				CLANG_WARN_COMMA = YES;
				CLANG_WARN_CONSTANT_CONVERSION = YES;
				CLANG_WARN_DEPRECATED_OBJC_IMPLEMENTATIONS = YES;
				CLANG_WARN_DIRECT_OBJC_ISA_USAGE = YES_ERROR;
				CLANG_WARN_DOCUMENTATION_COMMENTS = YES;
				CLANG_WARN_EMPTY_BODY = YES;
				CLANG_WARN_ENUM_CONVERSION = YES;
				CLANG_WARN_INFINITE_RECURSION = YES;
				CLANG_WARN_INT_CONVERSION = YES;
				CLANG_WARN_NON_LITERAL_NULL_CONVERSION = YES;
				CLANG_WARN_OBJC_IMPLICIT_RETAIN_SELF = YES;
				CLANG_WARN_OBJC_LITERAL_CONVERSION = YES;
				CLANG_WARN_OBJC_ROOT_CLASS = YES_ERROR;
				CLANG_WARN_QUOTED_INCLUDE_IN_FRAMEWORK_HEADER = YES;
				CLANG_WARN_RANGE_LOOP_ANALYSIS = YES;
				CLANG_WARN_STRICT_PROTOTYPES = YES;
				CLANG_WARN_SUSPICIOUS_MOVE = YES;
				CLANG_WARN_UNGUARDED_AVAILABILITY = YES_AGGRESSIVE;
				CLANG_WARN_UNREACHABLE_CODE = YES;
				CLANG_WARN__DUPLICATE_METHOD_MATCH = YES;
				COPY_PHASE_STRIP = NO;
				DEBUG_INFORMATION_FORMAT = dwarf;
				ENABLE_STRICT_OBJC_MSGSEND = YES;
				ENABLE_TESTABILITY = YES;
				ENABLE_USER_SCRIPT_SANDBOXING = YES;
				GCC_C_LANGUAGE_STANDARD = gnu17;
				GCC_DYNAMIC_NO_PIC = NO;
				GCC_NO_COMMON_BLOCKS = YES;
				GCC_OPTIMIZATION_LEVEL = 0;
				GCC_PREPROCESSOR_DEFINITIONS = (
					"DEBUG=1",
					"$(inherited)",
				);
				GCC_WARN_64_TO_32_BIT_CONVERSION = YES;
				GCC_WARN_ABOUT_RETURN_TYPE = YES_ERROR;
				GCC_WARN_UNDECLARED_SELECTOR = YES;
				GCC_WARN_UNINITIALIZED_AUTOS = YES_AGGRESSIVE;
				GCC_WARN_UNUSED_FUNCTION = YES;
				GCC_WARN_UNUSED_VARIABLE = YES;
				IPHONEOS_DEPLOYMENT_TARGET = 18.2;
				LOCALIZATION_PREFERS_STRING_CATALOGS = YES;
				MTL_ENABLE_DEBUG_INFO = INCLUDE_SOURCE;
				MTL_FAST_MATH = YES;
				ONLY_ACTIVE_ARCH = YES;
				SDKROOT = iphoneos;
				SWIFT_ACTIVE_COMPILATION_CONDITIONS = "DEBUG $(inherited)";
				SWIFT_OPTIMIZATION_LEVEL = "-Onone";
			};
			name = Debug;
		};
		1E4351542D62AB60008872C8 /* Release */ = {
			isa = XCBuildConfiguration;
			buildSettings = {
				ALWAYS_SEARCH_USER_PATHS = NO;
				ASSETCATALOG_COMPILER_GENERATE_SWIFT_ASSET_SYMBOL_EXTENSIONS = YES;
				CLANG_ANALYZER_NONNULL = YES;
				CLANG_ANALYZER_NUMBER_OBJECT_CONVERSION = YES_AGGRESSIVE;
				CLANG_CXX_LANGUAGE_STANDARD = "gnu++20";
				CLANG_ENABLE_MODULES = YES;
				CLANG_ENABLE_OBJC_ARC = YES;
				CLANG_ENABLE_OBJC_WEAK = YES;
				CLANG_WARN_BLOCK_CAPTURE_AUTORELEASING = YES;
				CLANG_WARN_BOOL_CONVERSION = YES;
				CLANG_WARN_COMMA = YES;
				CLANG_WARN_CONSTANT_CONVERSION = YES;
				CLANG_WARN_DEPRECATED_OBJC_IMPLEMENTATIONS = YES;
				CLANG_WARN_DIRECT_OBJC_ISA_USAGE = YES_ERROR;
				CLANG_WARN_DOCUMENTATION_COMMENTS = YES;
				CLANG_WARN_EMPTY_BODY = YES;
				CLANG_WARN_ENUM_CONVERSION = YES;
				CLANG_WARN_INFINITE_RECURSION = YES;
				CLANG_WARN_INT_CONVERSION = YES;
				CLANG_WARN_NON_LITERAL_NULL_CONVERSION = YES;
				CLANG_WARN_OBJC_IMPLICIT_RETAIN_SELF = YES;
				CLANG_WARN_OBJC_LITERAL_CONVERSION = YES;
				CLANG_WARN_OBJC_ROOT_CLASS = YES_ERROR;
				CLANG_WARN_QUOTED_INCLUDE_IN_FRAMEWORK_HEADER = YES;
				CLANG_WARN_RANGE_LOOP_ANALYSIS = YES;
				CLANG_WARN_STRICT_PROTOTYPES = YES;
				CLANG_WARN_SUSPICIOUS_MOVE = YES;
				CLANG_WARN_UNGUARDED_AVAILABILITY = YES_AGGRESSIVE;
				CLANG_WARN_UNREACHABLE_CODE = YES;
				CLANG_WARN__DUPLICATE_METHOD_MATCH = YES;
				COPY_PHASE_STRIP = NO;
				DEBUG_INFORMATION_FORMAT = "dwarf-with-dsym";
				ENABLE_NS_ASSERTIONS = NO;
				ENABLE_STRICT_OBJC_MSGSEND = YES;
				ENABLE_USER_SCRIPT_SANDBOXING = YES;
				GCC_C_LANGUAGE_STANDARD = gnu17;
				GCC_NO_COMMON_BLOCKS = YES;
				GCC_WARN_64_TO_32_BIT_CONVERSION = YES;
				GCC_WARN_ABOUT_RETURN_TYPE = YES_ERROR;
				GCC_WARN_UNDECLARED_SELECTOR = YES;
				GCC_WARN_UNINITIALIZED_AUTOS = YES_AGGRESSIVE;
				GCC_WARN_UNUSED_FUNCTION = YES;
				GCC_WARN_UNUSED_VARIABLE = YES;
				IPHONEOS_DEPLOYMENT_TARGET = 18.2;
				LOCALIZATION_PREFERS_STRING_CATALOGS = YES;
				MTL_ENABLE_DEBUG_INFO = NO;
				MTL_FAST_MATH = YES;
				SDKROOT = iphoneos;
				SWIFT_COMPILATION_MODE = wholemodule;
				VALIDATE_PRODUCT = YES;
			};
			name = Release;
		};
		1E4351562D62AB60008872C8 /* Debug */ = {
			isa = XCBuildConfiguration;
			buildSettings = {
				BUNDLE_LOADER = "$(TEST_HOST)";
				CODE_SIGN_STYLE = Automatic;
				CURRENT_PROJECT_VERSION = 1;
				GENERATE_INFOPLIST_FILE = YES;
				IPHONEOS_DEPLOYMENT_TARGET = 18.2;
				MARKETING_VERSION = 1.0;
				PRODUCT_BUNDLE_IDENTIFIER = com.ghada.OptimaTests;
				PRODUCT_NAME = "$(TARGET_NAME)";
				SWIFT_EMIT_LOC_STRINGS = NO;
				SWIFT_VERSION = 5.0;
				TARGETED_DEVICE_FAMILY = "1,2";
				TEST_HOST = "$(BUILT_PRODUCTS_DIR)/Optima.app/$(BUNDLE_EXECUTABLE_FOLDER_PATH)/Optima";
			};
			name = Debug;
		};
		1E4351572D62AB60008872C8 /* Release */ = {
			isa = XCBuildConfiguration;
			buildSettings = {
				BUNDLE_LOADER = "$(TEST_HOST)";
				CODE_SIGN_STYLE = Automatic;
				CURRENT_PROJECT_VERSION = 1;
				GENERATE_INFOPLIST_FILE = YES;
				IPHONEOS_DEPLOYMENT_TARGET = 18.2;
				MARKETING_VERSION = 1.0;
				PRODUCT_BUNDLE_IDENTIFIER = com.ghada.OptimaTests;
				PRODUCT_NAME = "$(TARGET_NAME)";
				SWIFT_EMIT_LOC_STRINGS = NO;
				SWIFT_VERSION = 5.0;
				TARGETED_DEVICE_FAMILY = "1,2";
				TEST_HOST = "$(BUILT_PRODUCTS_DIR)/Optima.app/$(BUNDLE_EXECUTABLE_FOLDER_PATH)/Optima";
			};
			name = Release;
		};
		1E4351592D62AB60008872C8 /* Debug */ = {
			isa = XCBuildConfiguration;
			buildSettings = {
				CODE_SIGN_STYLE = Automatic;
				CURRENT_PROJECT_VERSION = 1;
				GENERATE_INFOPLIST_FILE = YES;
				MARKETING_VERSION = 1.0;
				PRODUCT_BUNDLE_IDENTIFIER = com.ghada.OptimaUITests;
				PRODUCT_NAME = "$(TARGET_NAME)";
				SWIFT_EMIT_LOC_STRINGS = NO;
				SWIFT_VERSION = 5.0;
				TARGETED_DEVICE_FAMILY = "1,2";
				TEST_TARGET_NAME = Optima;
			};
			name = Debug;
		};
		1E43515A2D62AB60008872C8 /* Release */ = {
			isa = XCBuildConfiguration;
			buildSettings = {
				CODE_SIGN_STYLE = Automatic;
				CURRENT_PROJECT_VERSION = 1;
				GENERATE_INFOPLIST_FILE = YES;
				MARKETING_VERSION = 1.0;
				PRODUCT_BUNDLE_IDENTIFIER = com.ghada.OptimaUITests;
				PRODUCT_NAME = "$(TARGET_NAME)";
				SWIFT_EMIT_LOC_STRINGS = NO;
				SWIFT_VERSION = 5.0;
				TARGETED_DEVICE_FAMILY = "1,2";
				TEST_TARGET_NAME = Optima;
			};
			name = Release;
		};
/* End XCBuildConfiguration section */

/* Begin XCConfigurationList section */
		1E4351222D62AB5E008872C8 /* Build configuration list for PBXProject "Optima" */ = {
			isa = XCConfigurationList;
			buildConfigurations = (
				1E4351532D62AB60008872C8 /* Debug */,
				1E4351542D62AB60008872C8 /* Release */,
			);
			defaultConfigurationIsVisible = 0;
			defaultConfigurationName = Release;
		};
		1E4351502D62AB60008872C8 /* Build configuration list for PBXNativeTarget "Optima" */ = {
			isa = XCConfigurationList;
			buildConfigurations = (
				1E4351512D62AB60008872C8 /* Debug */,
				1E4351522D62AB60008872C8 /* Release */,
			);
			defaultConfigurationIsVisible = 0;
			defaultConfigurationName = Release;
		};
		1E4351552D62AB60008872C8 /* Build configuration list for PBXNativeTarget "OptimaTests" */ = {
			isa = XCConfigurationList;
			buildConfigurations = (
				1E4351562D62AB60008872C8 /* Debug */,
				1E4351572D62AB60008872C8 /* Release */,
			);
			defaultConfigurationIsVisible = 0;
			defaultConfigurationName = Release;
		};
		1E4351582D62AB60008872C8 /* Build configuration list for PBXNativeTarget "OptimaUITests" */ = {
			isa = XCConfigurationList;
			buildConfigurations = (
				1E4351592D62AB60008872C8 /* Debug */,
				1E43515A2D62AB60008872C8 /* Release */,
			);
			defaultConfigurationIsVisible = 0;
			defaultConfigurationName = Release;
		};
/* End XCConfigurationList section */

/* Begin XCRemoteSwiftPackageReference section */
		1E2BE7042E062417009E566A /* XCRemoteSwiftPackageReference "twilio-video-ios" */ = {
			isa = XCRemoteSwiftPackageReference;
			repositoryURL = "https://github.com/twilio/twilio-video-ios";
			requirement = {
				kind = upToNextMajorVersion;
				minimumVersion = 5.9.0;
			};
		};
		1EF7E56D2D75675100B3151E /* XCRemoteSwiftPackageReference "GoogleSignIn-iOS" */ = {
			isa = XCRemoteSwiftPackageReference;
			repositoryURL = "https://github.com/google/GoogleSignIn-iOS.git";
			requirement = {
				kind = upToNextMajorVersion;
				minimumVersion = 8.0.0;
			};
		};
/* End XCRemoteSwiftPackageReference section */

/* Begin XCSwiftPackageProductDependency section */
		1E2BE7062E0624E1009E566A /* TwilioVideo */ = {
			isa = XCSwiftPackageProductDependency;
			package = 1E2BE7042E062417009E566A /* XCRemoteSwiftPackageReference "twilio-video-ios" */;
			productName = TwilioVideo;
		};
		1EF7E56E2D75675100B3151E /* GoogleSignIn */ = {
			isa = XCSwiftPackageProductDependency;
			package = 1EF7E56D2D75675100B3151E /* XCRemoteSwiftPackageReference "GoogleSignIn-iOS" */;
			productName = GoogleSignIn;
		};
/* End XCSwiftPackageProductDependency section */
	};
	rootObject = 1E43511F2D62AB5E008872C8 /* Project object */;
}
